{
    "version": 3,
    "terraform_version": "0.11.5",
    "serial": 2,
    "lineage": "e56462ea-318d-e0a6-7da3-e0bc8bed0c67",
    "modules": [
        {
            "path": [
                "root"
            ],
            "outputs": {
                "Container Name": {
                    "sensitive": false,
                    "type": "string",
                    "value": "dev_blog"
                },
                "IP Address": {
                    "sensitive": false,
                    "type": "string",
                    "value": "172.17.0.2"
                }
            },
            "resources": {},
            "depends_on": []
        },
        {
            "path": [
                "root",
                "container"
            ],
            "outputs": {
                "container_name": {
                    "sensitive": false,
                    "type": "string",
                    "value": "dev_blog"
                },
                "ip": {
                    "sensitive": false,
                    "type": "string",
                    "value": "172.17.0.2"
                }
            },
            "resources": {
                "docker_container.container_id": {
                    "type": "docker_container",
                    "depends_on": [],
                    "primary": {
                        "id": "e9fd12d1707a0cb1e85c3e18e3dc30fccc87754c43b65628de7cd0b9dee49b36",
                        "attributes": {
                            "bridge": "",
                            "gateway": "172.17.0.1",
                            "id": "e9fd12d1707a0cb1e85c3e18e3dc30fccc87754c43b65628de7cd0b9dee49b36",
                            "image": "sha256:1029fdadd2aa2f92228e98654de33d32be9a0163abca5b950e90aa2f88d2e5f7",
                            "ip_address": "172.17.0.2",
                            "ip_prefix_length": "16",
                            "log_driver": "json-file",
                            "must_run": "true",
                            "name": "dev_blog",
                            "ports.#": "1",
                            "ports.1136498792.external": "8080",
                            "ports.1136498792.internal": "2368",
                            "ports.1136498792.ip": "",
                            "ports.1136498792.protocol": "tcp",
                            "restart": "no"
                        },
                        "meta": {},
                        "tainted": false
                    },
                    "deposed": [],
                    "provider": "provider.docker"
                }
            },
            "depends_on": []
        },
        {
            "path": [
                "root",
                "image"
            ],
            "outputs": {
                "image_out": {
                    "sensitive": false,
                    "type": "string",
                    "value": "sha256:1029fdadd2aa2f92228e98654de33d32be9a0163abca5b950e90aa2f88d2e5f7"
                }
            },
            "resources": {
                "docker_image.image_id": {
                    "type": "docker_image",
                    "depends_on": [],
                    "primary": {
                        "id": "sha256:1029fdadd2aa2f92228e98654de33d32be9a0163abca5b950e90aa2f88d2e5f7ghost:latest",
                        "attributes": {
                            "id": "sha256:1029fdadd2aa2f92228e98654de33d32be9a0163abca5b950e90aa2f88d2e5f7ghost:latest",
                            "latest": "sha256:1029fdadd2aa2f92228e98654de33d32be9a0163abca5b950e90aa2f88d2e5f7",
                            "name": "ghost:latest"
                        },
                        "meta": {},
                        "tainted": false
                    },
                    "deposed": [],
                    "provider": "provider.docker"
                }
            },
            "depends_on": []
        }
    ]
}
