{
    "version": 3,
    "terraform_version": "0.11.5",
    "serial": 2,
    "lineage": "e24777d6-b4f4-6552-24ab-33d2e2f4b06c",
    "modules": [
        {
            "path": [
                "root"
            ],
            "outputs": {
                "Container Name": {
                    "sensitive": false,
                    "type": "string",
                    "value": "prod_blog"
                },
                "IP Address": {
                    "sensitive": false,
                    "type": "string",
                    "value": "172.17.0.3"
                }
            },
            "resources": {},
            "depends_on": []
        },
        {
            "path": [
                "root",
                "container"
            ],
            "outputs": {
                "container_name": {
                    "sensitive": false,
                    "type": "string",
                    "value": "prod_blog"
                },
                "ip": {
                    "sensitive": false,
                    "type": "string",
                    "value": "172.17.0.3"
                }
            },
            "resources": {
                "docker_container.container_id": {
                    "type": "docker_container",
                    "depends_on": [],
                    "primary": {
                        "id": "cc430e49b1e81ecd058cb3103fc1b87703b17506f6f2ebadd2e78033bbf40fb2",
                        "attributes": {
                            "bridge": "",
                            "gateway": "172.17.0.1",
                            "id": "cc430e49b1e81ecd058cb3103fc1b87703b17506f6f2ebadd2e78033bbf40fb2",
                            "image": "sha256:efe90b4923529b70bd886af45866be9e8949a4e4af75b23cdd81618e1d7472a4",
                            "ip_address": "172.17.0.3",
                            "ip_prefix_length": "16",
                            "log_driver": "json-file",
                            "must_run": "true",
                            "name": "prod_blog",
                            "ports.#": "1",
                            "ports.580670141.external": "80",
                            "ports.580670141.internal": "2368",
                            "ports.580670141.ip": "",
                            "ports.580670141.protocol": "tcp",
                            "restart": "no"
                        },
                        "meta": {},
                        "tainted": false
                    },
                    "deposed": [],
                    "provider": "provider.docker"
                }
            },
            "depends_on": []
        },
        {
            "path": [
                "root",
                "image"
            ],
            "outputs": {
                "image_out": {
                    "sensitive": false,
                    "type": "string",
                    "value": "sha256:efe90b4923529b70bd886af45866be9e8949a4e4af75b23cdd81618e1d7472a4"
                }
            },
            "resources": {
                "docker_image.image_id": {
                    "type": "docker_image",
                    "depends_on": [],
                    "primary": {
                        "id": "sha256:efe90b4923529b70bd886af45866be9e8949a4e4af75b23cdd81618e1d7472a4ghost:alpine",
                        "attributes": {
                            "id": "sha256:efe90b4923529b70bd886af45866be9e8949a4e4af75b23cdd81618e1d7472a4ghost:alpine",
                            "latest": "sha256:efe90b4923529b70bd886af45866be9e8949a4e4af75b23cdd81618e1d7472a4",
                            "name": "ghost:alpine"
                        },
                        "meta": {},
                        "tainted": false
                    },
                    "deposed": [],
                    "provider": "provider.docker"
                }
            },
            "depends_on": []
        }
    ]
}
